# This file is generated by running "yarn install" inside your project.
# Manual changes might be lost - proceed with caution!

__metadata:
  version: 4

"js-tokens@npm:^3.0.0 || ^4.0.0":
  version: 4.0.0
  resolution: "js-tokens@npm:4.0.0"
  checksum: b6b6b65a47500e55103e5ed962133b9c999dd14f00c49494b109e0379482d030ae0db629b870af4f9023991b21a3055749653fb836736f9c2a76046399e8d84a
  languageName: node
  linkType: hard

"loose-envify@npm:^1.1.0, loose-envify@npm:^1.4.0":
  version: 1.4.0
  resolution: "loose-envify@npm:1.4.0"
  dependencies:
    js-tokens: ^3.0.0 || ^4.0.0
  bin:
    loose-envify: cli.js
  checksum: decbd8d338ba7d1628b11b6c2a6635c799d12236d642c7f1b392683f013bcd7ad0f5a293ef118d3b1a214a8b7fd4e1d1e7d5b04e6eb0afa9f553e1a798dd9616
  languageName: node
  linkType: hard

"new-react@workspace:new-react":
  version: 0.0.0-use.local
  resolution: "new-react@workspace:new-react"
  dependencies:
    react: ^16.12.0
    react-dom: ^16.12.0
  languageName: unknown
  linkType: soft

"object-assign@npm:^4.1.1":
  version: 4.1.1
  resolution: "object-assign@npm:4.1.1"
  checksum: 8a281400d57a8880141ceb4335061b17e2d21405b2d5909e3fd71948d6b10f366c65d71a62aac27a0e45754a5e467bcc3f6ff78f26a929948d751b582b46d14e
  languageName: node
  linkType: hard

"old-react@workspace:old-react":
  version: 0.0.0-use.local
  resolution: "old-react@workspace:old-react"
  dependencies:
    react: ^16.12.0
    react-dom: ^16.12.0
  languageName: unknown
  linkType: soft

"prop-types@npm:^15.6.2":
  version: 15.7.2
  resolution: "prop-types@npm:15.7.2"
  dependencies:
    loose-envify: ^1.4.0
    object-assign: ^4.1.1
    react-is: ^16.8.1
  checksum: da88f65dc9f16e6bbe1428b5ccdd2c1dbb912a3bb8ef76f3637f2ebd073fa620f66be91a3ce6700ca792e7c17d7b3b0f123ac76e1212ebda7c8329edcdc860d4
  languageName: node
  linkType: hard

"react-dom@npm:^16.12.0":
  version: 16.12.0
  resolution: "react-dom@npm:16.12.0"
  dependencies:
    loose-envify: ^1.1.0
    object-assign: ^4.1.1
    prop-types: ^15.6.2
    scheduler: ^0.18.0
  peerDependencies:
    react: ^16.0.0
  checksum: 672a599501aa1dc41871b48ef8dcd1c3d3581c73be6ed67ce84b6445230df63cddd2b6209fcc17f513af7fecf926c4d5dd25f4afb8bbdf50113a6cfca474fc18
  languageName: node
  linkType: hard

"react-is@npm:^16.8.1":
  version: 16.12.0
  resolution: "react-is@npm:16.12.0"
  checksum: 1cc13815109812213f5f1e15718551c2c4b3c164b447bd35ceba920dc268c5f0710617f12076d9b8100edd4a7e935f76bf19abe745068e387ff2670b3a3fdb0d
  languageName: node
  linkType: hard

"react@npm:^16.12.0":
  version: 16.12.0
  resolution: "react@npm:16.12.0"
  dependencies:
    loose-envify: ^1.1.0
    object-assign: ^4.1.1
    prop-types: ^15.6.2
  checksum: b352f012d0f605d93f0c03f8293d1c7704d7a0559b52ef90f40bec181072a40badc877dd60556b3ae3eb57bbfd91ed9a5ff3ecb154525125fbe7d1394067b321
  languageName: node
  linkType: hard

"scheduler@npm:^0.18.0":
  version: 0.18.0
  resolution: "scheduler@npm:0.18.0"
  dependencies:
    loose-envify: ^1.1.0
    object-assign: ^4.1.1
  checksum: e9bc5ac0706b1dae6cca847b1f53e14fc06e567062c758e082d13c8dae9c7eadea03abffab90d12936e60fd79c50e681a11c8f4d72b8171c95ca1cafcb1d265b
  languageName: node
  linkType: hard

"yarn-2-workspaces@workspace:.":
  version: 0.0.0-use.local
  resolution: "yarn-2-workspaces@workspace:."
  languageName: unknown
  linkType: soft
